
Microsoft Visual Studio Solution File, Format Version 11.00
# Visual Studio 2010
Project("{8BC9CEB8-8B4A-11D0-8D11-00A0C91BC942}") = "CopyTiles", "CopyTiles\CopyTiles.vcxproj", "{549C9874-4586-4D62-8DA3-D80B1FE11DE8}"
	ProjectSection(ProjectDependencies) = postProject
		{A3AB014E-D8F9-4A02-AFF1-39D4B4956B09} = {A3AB014E-D8F9-4A02-AFF1-39D4B4956B09}
	EndProjectSection
EndProject
Project("{8BC9CEB8-8B4A-11D0-8D11-00A0C91BC942}") = "TilingToolsLib", "TilingToolsLib\TilingToolsLib.vcxproj", "{A3AB014E-D8F9-4A02-AFF1-39D4B4956B09}"
EndProject
Project("{8BC9CEB8-8B4A-11D0-8D11-00A0C91BC942}") = "ImageTiling", "ImageTiling\ImageTiling.vcxproj", "{D38D458D-B6E3-4956-BE8B-D12505483C87}"
	ProjectSection(ProjectDependencies) = postProject
		{A3AB014E-D8F9-4A02-AFF1-39D4B4956B09} = {A3AB014E-D8F9-4A02-AFF1-39D4B4956B09}
	EndProjectSection
EndProject
Project("{8BC9CEB8-8B4A-11D0-8D11-00A0C91BC942}") = "ImageBuilder", "ImageBuilder\ImageBuilder.vcxproj", "{2802553E-0E25-44F9-95D4-6FA62A8C3648}"
	ProjectSection(ProjectDependencies) = postProject
		{A3AB014E-D8F9-4A02-AFF1-39D4B4956B09} = {A3AB014E-D8F9-4A02-AFF1-39D4B4956B09}
	EndProjectSection
EndProject
Global
	GlobalSection(SolutionConfigurationPlatforms) = preSolution
		Debug|Any CPU = Debug|Any CPU
		Debug|Mixed Platforms = Debug|Mixed Platforms
		Debug|Win32 = Debug|Win32
		Debug|x64 = Debug|x64
		NO_KAKADU|Any CPU = NO_KAKADU|Any CPU
		NO_KAKADU|Mixed Platforms = NO_KAKADU|Mixed Platforms
		NO_KAKADU|Win32 = NO_KAKADU|Win32
		NO_KAKADU|x64 = NO_KAKADU|x64
		Release|Any CPU = Release|Any CPU
		Release|Mixed Platforms = Release|Mixed Platforms
		Release|Win32 = Release|Win32
		Release|x64 = Release|x64
	EndGlobalSection
	GlobalSection(ProjectConfigurationPlatforms) = postSolution
		{549C9874-4586-4D62-8DA3-D80B1FE11DE8}.Debug|Any CPU.ActiveCfg = Debug|Win32
		{549C9874-4586-4D62-8DA3-D80B1FE11DE8}.Debug|Mixed Platforms.ActiveCfg = Debug|Win32
		{549C9874-4586-4D62-8DA3-D80B1FE11DE8}.Debug|Mixed Platforms.Build.0 = Debug|Win32
		{549C9874-4586-4D62-8DA3-D80B1FE11DE8}.Debug|Win32.ActiveCfg = Debug|Win32
		{549C9874-4586-4D62-8DA3-D80B1FE11DE8}.Debug|Win32.Build.0 = Debug|Win32
		{549C9874-4586-4D62-8DA3-D80B1FE11DE8}.Debug|x64.ActiveCfg = Debug|x64
		{549C9874-4586-4D62-8DA3-D80B1FE11DE8}.Debug|x64.Build.0 = Debug|x64
		{549C9874-4586-4D62-8DA3-D80B1FE11DE8}.NO_KAKADU|Any CPU.ActiveCfg = NO_KAKADU|x64
		{549C9874-4586-4D62-8DA3-D80B1FE11DE8}.NO_KAKADU|Mixed Platforms.ActiveCfg = NO_KAKADU|x64
		{549C9874-4586-4D62-8DA3-D80B1FE11DE8}.NO_KAKADU|Mixed Platforms.Build.0 = NO_KAKADU|x64
		{549C9874-4586-4D62-8DA3-D80B1FE11DE8}.NO_KAKADU|Win32.ActiveCfg = NO_KAKADU|Win32
		{549C9874-4586-4D62-8DA3-D80B1FE11DE8}.NO_KAKADU|Win32.Build.0 = NO_KAKADU|Win32
		{549C9874-4586-4D62-8DA3-D80B1FE11DE8}.NO_KAKADU|x64.ActiveCfg = NO_KAKADU|x64
		{549C9874-4586-4D62-8DA3-D80B1FE11DE8}.NO_KAKADU|x64.Build.0 = NO_KAKADU|x64
		{549C9874-4586-4D62-8DA3-D80B1FE11DE8}.Release|Any CPU.ActiveCfg = Release|Win32
		{549C9874-4586-4D62-8DA3-D80B1FE11DE8}.Release|Mixed Platforms.ActiveCfg = Release|Win32
		{549C9874-4586-4D62-8DA3-D80B1FE11DE8}.Release|Mixed Platforms.Build.0 = Release|Win32
		{549C9874-4586-4D62-8DA3-D80B1FE11DE8}.Release|Win32.ActiveCfg = Release|Win32
		{549C9874-4586-4D62-8DA3-D80B1FE11DE8}.Release|Win32.Build.0 = Release|Win32
		{549C9874-4586-4D62-8DA3-D80B1FE11DE8}.Release|x64.ActiveCfg = Release|x64
		{549C9874-4586-4D62-8DA3-D80B1FE11DE8}.Release|x64.Build.0 = Release|x64
		{A3AB014E-D8F9-4A02-AFF1-39D4B4956B09}.Debug|Any CPU.ActiveCfg = Debug|Win32
		{A3AB014E-D8F9-4A02-AFF1-39D4B4956B09}.Debug|Mixed Platforms.ActiveCfg = Debug|Win32
		{A3AB014E-D8F9-4A02-AFF1-39D4B4956B09}.Debug|Mixed Platforms.Build.0 = Debug|Win32
		{A3AB014E-D8F9-4A02-AFF1-39D4B4956B09}.Debug|Win32.ActiveCfg = Debug|Win32
		{A3AB014E-D8F9-4A02-AFF1-39D4B4956B09}.Debug|Win32.Build.0 = Debug|Win32
		{A3AB014E-D8F9-4A02-AFF1-39D4B4956B09}.Debug|x64.ActiveCfg = Debug|x64
		{A3AB014E-D8F9-4A02-AFF1-39D4B4956B09}.Debug|x64.Build.0 = Debug|x64
		{A3AB014E-D8F9-4A02-AFF1-39D4B4956B09}.NO_KAKADU|Any CPU.ActiveCfg = NO_KAKADU|x64
		{A3AB014E-D8F9-4A02-AFF1-39D4B4956B09}.NO_KAKADU|Mixed Platforms.ActiveCfg = NO_KAKADU|x64
		{A3AB014E-D8F9-4A02-AFF1-39D4B4956B09}.NO_KAKADU|Mixed Platforms.Build.0 = NO_KAKADU|x64
		{A3AB014E-D8F9-4A02-AFF1-39D4B4956B09}.NO_KAKADU|Win32.ActiveCfg = NO_KAKADU|Win32
		{A3AB014E-D8F9-4A02-AFF1-39D4B4956B09}.NO_KAKADU|Win32.Build.0 = NO_KAKADU|Win32
		{A3AB014E-D8F9-4A02-AFF1-39D4B4956B09}.NO_KAKADU|x64.ActiveCfg = NO_KAKADU|x64
		{A3AB014E-D8F9-4A02-AFF1-39D4B4956B09}.NO_KAKADU|x64.Build.0 = NO_KAKADU|x64
		{A3AB014E-D8F9-4A02-AFF1-39D4B4956B09}.Release|Any CPU.ActiveCfg = Release|Win32
		{A3AB014E-D8F9-4A02-AFF1-39D4B4956B09}.Release|Mixed Platforms.ActiveCfg = Release|Win32
		{A3AB014E-D8F9-4A02-AFF1-39D4B4956B09}.Release|Mixed Platforms.Build.0 = Release|Win32
		{A3AB014E-D8F9-4A02-AFF1-39D4B4956B09}.Release|Win32.ActiveCfg = Release|Win32
		{A3AB014E-D8F9-4A02-AFF1-39D4B4956B09}.Release|Win32.Build.0 = Release|Win32
		{A3AB014E-D8F9-4A02-AFF1-39D4B4956B09}.Release|x64.ActiveCfg = Release|x64
		{A3AB014E-D8F9-4A02-AFF1-39D4B4956B09}.Release|x64.Build.0 = Release|x64
		{D38D458D-B6E3-4956-BE8B-D12505483C87}.Debug|Any CPU.ActiveCfg = Debug|Win32
		{D38D458D-B6E3-4956-BE8B-D12505483C87}.Debug|Mixed Platforms.ActiveCfg = Debug|Win32
		{D38D458D-B6E3-4956-BE8B-D12505483C87}.Debug|Mixed Platforms.Build.0 = Debug|Win32
		{D38D458D-B6E3-4956-BE8B-D12505483C87}.Debug|Win32.ActiveCfg = Debug|Win32
		{D38D458D-B6E3-4956-BE8B-D12505483C87}.Debug|Win32.Build.0 = Debug|Win32
		{D38D458D-B6E3-4956-BE8B-D12505483C87}.Debug|x64.ActiveCfg = Debug|x64
		{D38D458D-B6E3-4956-BE8B-D12505483C87}.Debug|x64.Build.0 = Debug|x64
		{D38D458D-B6E3-4956-BE8B-D12505483C87}.NO_KAKADU|Any CPU.ActiveCfg = NO_KAKADU|x64
		{D38D458D-B6E3-4956-BE8B-D12505483C87}.NO_KAKADU|Mixed Platforms.ActiveCfg = NO_KAKADU|x64
		{D38D458D-B6E3-4956-BE8B-D12505483C87}.NO_KAKADU|Mixed Platforms.Build.0 = NO_KAKADU|x64
		{D38D458D-B6E3-4956-BE8B-D12505483C87}.NO_KAKADU|Win32.ActiveCfg = NO_KAKADU|Win32
		{D38D458D-B6E3-4956-BE8B-D12505483C87}.NO_KAKADU|Win32.Build.0 = NO_KAKADU|Win32
		{D38D458D-B6E3-4956-BE8B-D12505483C87}.NO_KAKADU|x64.ActiveCfg = NO_KAKADU|x64
		{D38D458D-B6E3-4956-BE8B-D12505483C87}.NO_KAKADU|x64.Build.0 = NO_KAKADU|x64
		{D38D458D-B6E3-4956-BE8B-D12505483C87}.Release|Any CPU.ActiveCfg = Release|Win32
		{D38D458D-B6E3-4956-BE8B-D12505483C87}.Release|Mixed Platforms.ActiveCfg = Release|Win32
		{D38D458D-B6E3-4956-BE8B-D12505483C87}.Release|Mixed Platforms.Build.0 = Release|Win32
		{D38D458D-B6E3-4956-BE8B-D12505483C87}.Release|Win32.ActiveCfg = Release|Win32
		{D38D458D-B6E3-4956-BE8B-D12505483C87}.Release|Win32.Build.0 = Release|Win32
		{D38D458D-B6E3-4956-BE8B-D12505483C87}.Release|x64.ActiveCfg = Release|x64
		{D38D458D-B6E3-4956-BE8B-D12505483C87}.Release|x64.Build.0 = Release|x64
		{2802553E-0E25-44F9-95D4-6FA62A8C3648}.Debug|Any CPU.ActiveCfg = Debug|Win32
		{2802553E-0E25-44F9-95D4-6FA62A8C3648}.Debug|Mixed Platforms.ActiveCfg = Debug|Win32
		{2802553E-0E25-44F9-95D4-6FA62A8C3648}.Debug|Mixed Platforms.Build.0 = Debug|Win32
		{2802553E-0E25-44F9-95D4-6FA62A8C3648}.Debug|Win32.ActiveCfg = Debug|Win32
		{2802553E-0E25-44F9-95D4-6FA62A8C3648}.Debug|Win32.Build.0 = Debug|Win32
		{2802553E-0E25-44F9-95D4-6FA62A8C3648}.Debug|x64.ActiveCfg = Debug|x64
		{2802553E-0E25-44F9-95D4-6FA62A8C3648}.Debug|x64.Build.0 = Debug|x64
		{2802553E-0E25-44F9-95D4-6FA62A8C3648}.NO_KAKADU|Any CPU.ActiveCfg = NO_KAKADU|x64
		{2802553E-0E25-44F9-95D4-6FA62A8C3648}.NO_KAKADU|Mixed Platforms.ActiveCfg = NO_KAKADU|x64
		{2802553E-0E25-44F9-95D4-6FA62A8C3648}.NO_KAKADU|Mixed Platforms.Build.0 = NO_KAKADU|x64
		{2802553E-0E25-44F9-95D4-6FA62A8C3648}.NO_KAKADU|Win32.ActiveCfg = NO_KAKADU|Win32
		{2802553E-0E25-44F9-95D4-6FA62A8C3648}.NO_KAKADU|Win32.Build.0 = NO_KAKADU|Win32
		{2802553E-0E25-44F9-95D4-6FA62A8C3648}.NO_KAKADU|x64.ActiveCfg = NO_KAKADU|x64
		{2802553E-0E25-44F9-95D4-6FA62A8C3648}.NO_KAKADU|x64.Build.0 = NO_KAKADU|x64
		{2802553E-0E25-44F9-95D4-6FA62A8C3648}.Release|Any CPU.ActiveCfg = Release|Win32
		{2802553E-0E25-44F9-95D4-6FA62A8C3648}.Release|Mixed Platforms.ActiveCfg = Release|Win32
		{2802553E-0E25-44F9-95D4-6FA62A8C3648}.Release|Mixed Platforms.Build.0 = Release|Win32
		{2802553E-0E25-44F9-95D4-6FA62A8C3648}.Release|Win32.ActiveCfg = Release|Win32
		{2802553E-0E25-44F9-95D4-6FA62A8C3648}.Release|Win32.Build.0 = Release|Win32
		{2802553E-0E25-44F9-95D4-6FA62A8C3648}.Release|x64.ActiveCfg = Release|x64
		{2802553E-0E25-44F9-95D4-6FA62A8C3648}.Release|x64.Build.0 = Release|x64
	EndGlobalSection
	GlobalSection(SolutionProperties) = preSolution
		HideSolutionNode = FALSE
	EndGlobalSection
EndGlobal
