<?xml version="1.0" encoding="utf-8"?>
<Project ToolsVersion="4.0" xmlns="http://schemas.microsoft.com/developer/msbuild/2003">
  <ItemGroup>
    <Filter Include="Source Files">
      <UniqueIdentifier>{4FC737F1-C7A5-4376-A066-2A32D752A2FF}</UniqueIdentifier>
      <Extensions>cpp;c;cc;cxx;def;odl;idl;hpj;bat;asm;asmx</Extensions>
    </Filter>
    <Filter Include="Header Files">
      <UniqueIdentifier>{93995380-89BD-4b04-88EB-625FBE52EBFB}</UniqueIdentifier>
      <Extensions>h;hh;hpp;hxx;hm;inl;inc;xsd</Extensions>
    </Filter>
    <Filter Include="Resource Files">
      <UniqueIdentifier>{67DA6AB6-F800-4c08-8B7A-83BB121AAD01}</UniqueIdentifier>
      <Extensions>rc;ico;cur;bmp;dlg;rc2;rct;bin;rgs;gif;jpg;jpeg;jpe;resx;tiff;tif;png;wav;mfcribbon-ms</Extensions>
    </Filter>
  </ItemGroup>
  <ItemGroup>
    <Text Include="ReadMe.txt" />
  </ItemGroup>
  <ItemGroup>
    <ClInclude Include="consoleutils.h">
      <Filter>Header Files</Filter>
    </ClInclude>
    <ClInclude Include="filesystemfuncs.h">
      <Filter>Header Files</Filter>
    </ClInclude>
    <ClInclude Include="histogram.h">
      <Filter>Header Files</Filter>
    </ClInclude>
    <ClInclude Include="rasterbuffer.h">
      <Filter>Header Files</Filter>
    </ClInclude>
    <ClInclude Include="rasterfile.h">
      <Filter>Header Files</Filter>
    </ClInclude>
    <ClInclude Include="stdafx.h">
      <Filter>Header Files</Filter>
    </ClInclude>
    <ClInclude Include="stringfuncs.h">
      <Filter>Header Files</Filter>
    </ClInclude>
    <ClInclude Include="threadfuncs.h">
      <Filter>Header Files</Filter>
    </ClInclude>
    <ClInclude Include="tilecache.h">
      <Filter>Header Files</Filter>
    </ClInclude>
    <ClInclude Include="tilecontainer.h">
      <Filter>Header Files</Filter>
    </ClInclude>
    <ClInclude Include="tilename.h">
      <Filter>Header Files</Filter>
    </ClInclude>
    <ClInclude Include="tilingfuncs.h">
      <Filter>Header Files</Filter>
    </ClInclude>
    <ClInclude Include="tilingparameters.h">
      <Filter>Header Files</Filter>
    </ClInclude>
    <ClInclude Include="vectorborder.h">
      <Filter>Header Files</Filter>
    </ClInclude>
  </ItemGroup>
  <ItemGroup>
    <ClCompile Include="consoleutils.cpp">
      <Filter>Source Files</Filter>
    </ClCompile>
    <ClCompile Include="filesystemfuncs.cpp">
      <Filter>Source Files</Filter>
    </ClCompile>
    <ClCompile Include="histogram.cpp">
      <Filter>Source Files</Filter>
    </ClCompile>
    <ClCompile Include="rasterbuffer.cpp">
      <Filter>Source Files</Filter>
    </ClCompile>
    <ClCompile Include="rasterfile.cpp">
      <Filter>Source Files</Filter>
    </ClCompile>
    <ClCompile Include="stringfuncs.cpp">
      <Filter>Source Files</Filter>
    </ClCompile>
    <ClCompile Include="threadfuncs.cpp">
      <Filter>Source Files</Filter>
    </ClCompile>
    <ClCompile Include="tilecache.cpp">
      <Filter>Source Files</Filter>
    </ClCompile>
    <ClCompile Include="tilecontainer.cpp">
      <Filter>Source Files</Filter>
    </ClCompile>
    <ClCompile Include="tilename.cpp">
      <Filter>Source Files</Filter>
    </ClCompile>
    <ClCompile Include="tilingfuncs.cpp">
      <Filter>Source Files</Filter>
    </ClCompile>
    <ClCompile Include="vectorborder.cpp">
      <Filter>Source Files</Filter>
    </ClCompile>
  </ItemGroup>
</Project>